<?xml version="1.0" encoding="utf-8"?>
<Project ToolsVersion="4.0" xmlns="http://schemas.microsoft.com/developer/msbuild/2003">
  <ItemGroup>
    <Filter Include="Resource Files">
      <UniqueIdentifier>{67DA6AB6-F800-4c08-8B7A-83BB121AAD01}</UniqueIdentifier>
      <Extensions>rc;ico;cur;bmp;dlg;rc2;rct;bin;rgs;gif;jpg;jpeg;jpe;resx;tiff;tif;png;wav;mfcribbon-ms</Extensions>
    </Filter>
    <Filter Include="Collider">
      <UniqueIdentifier>{eab3baae-72d6-4b1f-9176-56503eb64927}</UniqueIdentifier>
    </Filter>
    <Filter Include="Message">
      <UniqueIdentifier>{86557aab-ced3-4455-bb79-0e03be1c5c02}</UniqueIdentifier>
    </Filter>
    <Filter Include="Component">
      <UniqueIdentifier>{bc0702ea-6d08-472a-ba1b-8c3dc20e03e5}</UniqueIdentifier>
    </Filter>
    <Filter Include="System">
      <UniqueIdentifier>{8c889f10-b72d-44eb-bdcb-3a533e87f075}</UniqueIdentifier>
    </Filter>
    <Filter Include="Manager">
      <UniqueIdentifier>{1bab972b-53e0-4560-bbc4-b84b3d3353c9}</UniqueIdentifier>
    </Filter>
    <Filter Include="Logger">
      <UniqueIdentifier>{a3714726-a7c1-40cc-8419-6e92945958a6}</UniqueIdentifier>
    </Filter>
    <Filter Include="Common">
      <UniqueIdentifier>{0dfc1a49-5f87-4e8c-8297-358deeba3819}</UniqueIdentifier>
    </Filter>
    <Filter Include="Math">
      <UniqueIdentifier>{6b9a9161-7cf7-4fad-a2c3-55573436815f}</UniqueIdentifier>
    </Filter>
    <Filter Include="GameObject">
      <UniqueIdentifier>{29abb144-92c6-4e2d-ac4a-4153fc328c5c}</UniqueIdentifier>
    </Filter>
  </ItemGroup>
  <ItemGroup>
    <ClInclude Include="stdafx.h" />
    <ClInclude Include="NT_Common\CRC32.h">
      <Filter>Common</Filter>
    </ClInclude>
    <ClInclude Include="NT_Common\FreqEstimater.h">
      <Filter>Common</Filter>
    </ClInclude>
    <ClInclude Include="NT_Common\HashedString.h">
      <Filter>Common</Filter>
    </ClInclude>
    <ClInclude Include="NT_Common\HashOnlyString.h">
      <Filter>Common</Filter>
    </ClInclude>
    <ClInclude Include="NT_Common\MacroUtils.h">
      <Filter>Common</Filter>
    </ClInclude>
    <ClInclude Include="NT_Common\Singleton.h">
      <Filter>Common</Filter>
    </ClInclude>
    <ClInclude Include="NT_Common\STLUtils.h">
      <Filter>Common</Filter>
    </ClInclude>
    <ClInclude Include="NT_Common\TimeManager.h">
      <Filter>Manager</Filter>
    </ClInclude>
    <ClInclude Include="NT_Common\WindowManager.h">
      <Filter>Manager</Filter>
    </ClInclude>
    <ClInclude Include="NT_Component\CameraComponent.h">
      <Filter>Component</Filter>
    </ClInclude>
    <ClInclude Include="NT_Component\ComponentBase.h">
      <Filter>Component</Filter>
    </ClInclude>
    <ClInclude Include="NT_Component\RenderComponentBase.h">
      <Filter>Component</Filter>
    </ClInclude>
    <ClInclude Include="NT_Component\TransformComponent.h">
      <Filter>Component</Filter>
    </ClInclude>
    <ClInclude Include="NT_GameObject\EnemyRespawner.h">
      <Filter>GameObject</Filter>
    </ClInclude>
    <ClInclude Include="NT_GameObject\GameObject.h">
      <Filter>GameObject</Filter>
    </ClInclude>
    <ClInclude Include="NT_GameObject\GameObjectManager.h">
      <Filter>Manager</Filter>
    </ClInclude>
    <ClInclude Include="NT_Input\InputManager.h">
      <Filter>Manager</Filter>
    </ClInclude>
    <ClInclude Include="NT_Input\KeyInputs.h">
      <Filter>Common</Filter>
    </ClInclude>
    <ClInclude Include="NT_Graphic\GraphicSystem.h">
      <Filter>System</Filter>
    </ClInclude>
    <ClInclude Include="NT_Graphic\TextureManager.h">
      <Filter>Manager</Filter>
    </ClInclude>
    <ClInclude Include="NT_Logging\Logger.h">
      <Filter>Logger</Filter>
    </ClInclude>
    <ClInclude Include="NT_Logging\LogTargetDebugStream.h">
      <Filter>Logger</Filter>
    </ClInclude>
    <ClInclude Include="NT_Logging\LogTargetFile.h">
      <Filter>Logger</Filter>
    </ClInclude>
    <ClInclude Include="NT_Math\Math.h">
      <Filter>Math</Filter>
    </ClInclude>
    <ClInclude Include="NT_Math\Matrix.h">
      <Filter>Math</Filter>
    </ClInclude>
    <ClInclude Include="NT_Math\Quaternion.h">
      <Filter>Math</Filter>
    </ClInclude>
    <ClInclude Include="NT_Math\Vector3.h">
      <Filter>Math</Filter>
    </ClInclude>
    <ClInclude Include="NT_Message\cVariant.h">
      <Filter>Message</Filter>
    </ClInclude>
    <ClInclude Include="NT_Message\GiveDamage.h">
      <Filter>Message</Filter>
    </ClInclude>
    <ClInclude Include="NT_Message\Message.h">
      <Filter>Message</Filter>
    </ClInclude>
    <ClInclude Include="NT_Message\MessageManager.h">
      <Filter>Manager</Filter>
    </ClInclude>
    <ClInclude Include="NT_Message\MessageTypes.h">
      <Filter>Message</Filter>
    </ClInclude>
    <ClInclude Include="NT_Physics\PhysicsSystem.h">
      <Filter>System</Filter>
    </ClInclude>
  </ItemGroup>
  <ItemGroup>
    <ClCompile Include="stdafx.cpp" />
    <ClCompile Include="NT_Common\CRC32.cpp">
      <Filter>Common</Filter>
    </ClCompile>
    <ClCompile Include="NT_Common\HashedString.cpp">
      <Filter>Common</Filter>
    </ClCompile>
    <ClCompile Include="NT_Common\HashOnlyString.cpp">
      <Filter>Common</Filter>
    </ClCompile>
    <ClCompile Include="NT_Common\TimeManager.cpp">
      <Filter>Manager</Filter>
    </ClCompile>
    <ClCompile Include="NT_Common\WindowManager.cpp">
      <Filter>Manager</Filter>
    </ClCompile>
    <ClCompile Include="NT_Component\CameraComponent.cpp">
      <Filter>Component</Filter>
    </ClCompile>
    <ClCompile Include="NT_Component\ComponentBase.cpp">
      <Filter>Component</Filter>
    </ClCompile>
    <ClCompile Include="NT_Component\RenderComponentBase.cpp">
      <Filter>Component</Filter>
    </ClCompile>
    <ClCompile Include="NT_Component\TransformComponent.cpp">
      <Filter>Component</Filter>
    </ClCompile>
    <ClCompile Include="NT_GameObject\EnemyRespawner.cpp">
      <Filter>GameObject</Filter>
    </ClCompile>
    <ClCompile Include="NT_GameObject\GameObject.cpp">
      <Filter>GameObject</Filter>
    </ClCompile>
    <ClCompile Include="NT_GameObject\GameObjectManager.cpp">
      <Filter>Manager</Filter>
    </ClCompile>
    <ClCompile Include="NT_Input\InputManager.cpp">
      <Filter>Manager</Filter>
    </ClCompile>
    <ClCompile Include="NT_Graphic\GraphicSystem.cpp">
      <Filter>System</Filter>
    </ClCompile>
    <ClCompile Include="NT_Graphic\TextureManager.cpp">
      <Filter>Manager</Filter>
    </ClCompile>
    <ClCompile Include="NT_Logging\Logger.cpp">
      <Filter>Logger</Filter>
    </ClCompile>
    <ClCompile Include="NT_Logging\LogTargetDebugStream.cpp">
      <Filter>Logger</Filter>
    </ClCompile>
    <ClCompile Include="NT_Logging\LogTargetFile.cpp">
      <Filter>Logger</Filter>
    </ClCompile>
    <ClCompile Include="NT_Math\Matrix.cpp">
      <Filter>Math</Filter>
    </ClCompile>
    <ClCompile Include="NT_Math\Quaternion.cpp">
      <Filter>Math</Filter>
    </ClCompile>
    <ClCompile Include="NT_Math\Vector3.cpp">
      <Filter>Math</Filter>
    </ClCompile>
    <ClCompile Include="NT_Message\cVariant.cpp">
      <Filter>Message</Filter>
    </ClCompile>
    <ClCompile Include="NT_Message\GiveDamage.cpp">
      <Filter>Message</Filter>
    </ClCompile>
    <ClCompile Include="NT_Message\MessageManager.cpp">
      <Filter>Manager</Filter>
    </ClCompile>
    <ClCompile Include="NT_Physics\PhysicsSystem.cpp">
      <Filter>System</Filter>
    </ClCompile>
  </ItemGroup>
</Project>