<?xml version="1.0" encoding="utf-8"?>
<Project ToolsVersion="4.0" xmlns="http://schemas.microsoft.com/developer/msbuild/2003">
  <ItemGroup>
    <Filter Include="소스 파일">
      <UniqueIdentifier>{4FC737F1-C7A5-4376-A066-2A32D752A2FF}</UniqueIdentifier>
      <Extensions>cpp;c;cc;cxx;def;odl;idl;hpj;bat;asm;asmx</Extensions>
    </Filter>
    <Filter Include="헤더 파일">
      <UniqueIdentifier>{93995380-89BD-4b04-88EB-625FBE52EBFB}</UniqueIdentifier>
      <Extensions>h;hpp;hxx;hm;inl;inc;xsd</Extensions>
    </Filter>
    <Filter Include="리소스 파일">
      <UniqueIdentifier>{67DA6AB6-F800-4c08-8B7A-83BB121AAD01}</UniqueIdentifier>
      <Extensions>rc;ico;cur;bmp;dlg;rc2;rct;bin;rgs;gif;jpg;jpeg;jpe;resx;tiff;tif;png;wav;mfcribbon-ms</Extensions>
    </Filter>
    <Filter Include="Collider">
      <UniqueIdentifier>{eab3baae-72d6-4b1f-9176-56503eb64927}</UniqueIdentifier>
    </Filter>
    <Filter Include="Message">
      <UniqueIdentifier>{86557aab-ced3-4455-bb79-0e03be1c5c02}</UniqueIdentifier>
    </Filter>
    <Filter Include="GameWorld">
      <UniqueIdentifier>{29abb144-92c6-4e2d-ac4a-4153fc328c5c}</UniqueIdentifier>
    </Filter>
    <Filter Include="Component">
      <UniqueIdentifier>{bc0702ea-6d08-472a-ba1b-8c3dc20e03e5}</UniqueIdentifier>
    </Filter>
    <Filter Include="System">
      <UniqueIdentifier>{8c889f10-b72d-44eb-bdcb-3a533e87f075}</UniqueIdentifier>
    </Filter>
    <Filter Include="Manager">
      <UniqueIdentifier>{1bab972b-53e0-4560-bbc4-b84b3d3353c9}</UniqueIdentifier>
    </Filter>
    <Filter Include="Logger">
      <UniqueIdentifier>{a3714726-a7c1-40cc-8419-6e92945958a6}</UniqueIdentifier>
    </Filter>
    <Filter Include="Common">
      <UniqueIdentifier>{0dfc1a49-5f87-4e8c-8297-358deeba3819}</UniqueIdentifier>
    </Filter>
    <Filter Include="GameWorld\GameObjects">
      <UniqueIdentifier>{05412c91-e241-4abe-911e-f2ca93e2f4c8}</UniqueIdentifier>
    </Filter>
    <Filter Include="Math">
      <UniqueIdentifier>{6b9a9161-7cf7-4fad-a2c3-55573436815f}</UniqueIdentifier>
    </Filter>
  </ItemGroup>
  <ItemGroup>
    <None Include="ReadMe.txt" />
    <None Include="small.ico">
      <Filter>리소스 파일</Filter>
    </None>
    <None Include="Dx3D.ico">
      <Filter>리소스 파일</Filter>
    </None>
  </ItemGroup>
  <ItemGroup>
    <ClInclude Include="ColliderBase.h">
      <Filter>Collider</Filter>
    </ClInclude>
    <ClInclude Include="SphereCollider.h">
      <Filter>Collider</Filter>
    </ClInclude>
    <ClInclude Include="cVariant.h">
      <Filter>Message</Filter>
    </ClInclude>
    <ClInclude Include="MessageTypes.h">
      <Filter>Message</Filter>
    </ClInclude>
    <ClInclude Include="GameWorld.h">
      <Filter>GameWorld</Filter>
    </ClInclude>
    <ClInclude Include="Message.h">
      <Filter>Message</Filter>
    </ClInclude>
    <ClInclude Include="GiveDamage.h">
      <Filter>Message</Filter>
    </ClInclude>
    <ClInclude Include="stdafx.h">
      <Filter>헤더 파일</Filter>
    </ClInclude>
    <ClInclude Include="FreqEstimater.h">
      <Filter>헤더 파일</Filter>
    </ClInclude>
    <ClInclude Include="Singleton.h">
      <Filter>헤더 파일</Filter>
    </ClInclude>
    <ClInclude Include="ComponentBase.h">
      <Filter>Component</Filter>
    </ClInclude>
    <ClInclude Include="RenderComponentBase.h">
      <Filter>Component</Filter>
    </ClInclude>
    <ClInclude Include="TransformComponent.h">
      <Filter>Component</Filter>
    </ClInclude>
    <ClInclude Include="TimeManager.h">
      <Filter>Manager</Filter>
    </ClInclude>
    <ClInclude Include="GraphicSystem.h">
      <Filter>System</Filter>
    </ClInclude>
    <ClInclude Include="WindowSystem.h">
      <Filter>System</Filter>
    </ClInclude>
    <ClInclude Include="LogTargetDebugStream.h">
      <Filter>Logger</Filter>
    </ClInclude>
    <ClInclude Include="LogTargetFile.h">
      <Filter>Logger</Filter>
    </ClInclude>
    <ClInclude Include="Logger.h">
      <Filter>Logger</Filter>
    </ClInclude>
    <ClInclude Include="TextureManager.h">
      <Filter>Manager</Filter>
    </ClInclude>
    <ClInclude Include="CRC32.h">
      <Filter>Common</Filter>
    </ClInclude>
    <ClInclude Include="STLUtils.h">
      <Filter>헤더 파일</Filter>
    </ClInclude>
    <ClInclude Include="GameObjectManager.h">
      <Filter>Manager</Filter>
    </ClInclude>
    <ClInclude Include="GameObject.h">
      <Filter>GameWorld\GameObjects</Filter>
    </ClInclude>
    <ClInclude Include="EnemyRespawner.h">
      <Filter>GameWorld\GameObjects</Filter>
    </ClInclude>
    <ClInclude Include="Quaternion.h">
      <Filter>Math</Filter>
    </ClInclude>
    <ClInclude Include="Matrix.h">
      <Filter>Math</Filter>
    </ClInclude>
    <ClInclude Include="Math.h">
      <Filter>Math</Filter>
    </ClInclude>
    <ClInclude Include="Vector3.h">
      <Filter>Math</Filter>
    </ClInclude>
    <ClInclude Include="CameraComponent.h">
      <Filter>Component</Filter>
    </ClInclude>
    <ClInclude Include="Viewport.h">
      <Filter>헤더 파일</Filter>
    </ClInclude>
    <ClInclude Include="PhysicsSystem.h">
      <Filter>System</Filter>
    </ClInclude>
    <ClInclude Include="MessageManager.h">
      <Filter>Manager</Filter>
    </ClInclude>
    <ClInclude Include="HashOnlyString.h">
      <Filter>Common</Filter>
    </ClInclude>
    <ClInclude Include="HashedString.h">
      <Filter>Common</Filter>
    </ClInclude>
  </ItemGroup>
  <ItemGroup>
    <ClCompile Include="ColliderBase.cpp">
      <Filter>Collider</Filter>
    </ClCompile>
    <ClCompile Include="SphereCollider.cpp">
      <Filter>Collider</Filter>
    </ClCompile>
    <ClCompile Include="cVariant.cpp">
      <Filter>Message</Filter>
    </ClCompile>
    <ClCompile Include="GameWorld.cpp">
      <Filter>GameWorld</Filter>
    </ClCompile>
    <ClCompile Include="GiveDamage.cpp">
      <Filter>Message</Filter>
    </ClCompile>
    <ClCompile Include="stdafx.cpp">
      <Filter>소스 파일</Filter>
    </ClCompile>
    <ClCompile Include="Source.cpp">
      <Filter>소스 파일</Filter>
    </ClCompile>
    <ClCompile Include="ComponentBase.cpp">
      <Filter>Component</Filter>
    </ClCompile>
    <ClCompile Include="RenderComponentBase.cpp">
      <Filter>Component</Filter>
    </ClCompile>
    <ClCompile Include="TransformComponent.cpp">
      <Filter>Component</Filter>
    </ClCompile>
    <ClCompile Include="TimeManager.cpp">
      <Filter>Manager</Filter>
    </ClCompile>
    <ClCompile Include="GraphicSystem.cpp">
      <Filter>System</Filter>
    </ClCompile>
    <ClCompile Include="WindowSystem.cpp">
      <Filter>System</Filter>
    </ClCompile>
    <ClCompile Include="Logger.cpp">
      <Filter>Logger</Filter>
    </ClCompile>
    <ClCompile Include="LogTargetDebugStream.cpp">
      <Filter>Logger</Filter>
    </ClCompile>
    <ClCompile Include="LogTargetFile.cpp">
      <Filter>Logger</Filter>
    </ClCompile>
    <ClCompile Include="TextureManager.cpp">
      <Filter>Manager</Filter>
    </ClCompile>
    <ClCompile Include="CRC32.cpp">
      <Filter>Common</Filter>
    </ClCompile>
    <ClCompile Include="GameObjectManager.cpp">
      <Filter>Manager</Filter>
    </ClCompile>
    <ClCompile Include="GameObject.cpp">
      <Filter>GameWorld\GameObjects</Filter>
    </ClCompile>
    <ClCompile Include="EnemyRespawner.cpp">
      <Filter>GameWorld\GameObjects</Filter>
    </ClCompile>
    <ClCompile Include="Matrix.cpp">
      <Filter>Math</Filter>
    </ClCompile>
    <ClCompile Include="Quaternion.cpp">
      <Filter>Math</Filter>
    </ClCompile>
    <ClCompile Include="Vector3.cpp">
      <Filter>Math</Filter>
    </ClCompile>
    <ClCompile Include="CameraComponent.cpp">
      <Filter>Component</Filter>
    </ClCompile>
    <ClCompile Include="PhysicsSystem.cpp">
      <Filter>System</Filter>
    </ClCompile>
    <ClCompile Include="MessageManager.cpp">
      <Filter>Manager</Filter>
    </ClCompile>
    <ClCompile Include="HashOnlyString.cpp">
      <Filter>Common</Filter>
    </ClCompile>
    <ClCompile Include="HashedString.cpp">
      <Filter>Common</Filter>
    </ClCompile>
  </ItemGroup>
  <ItemGroup>
    <ResourceCompile Include="Dx3D.rc">
      <Filter>리소스 파일</Filter>
    </ResourceCompile>
  </ItemGroup>
</Project>